// !$*UTF8*$!
{
	archiveVersion = 1;
	classes = {
	};
	objectVersion = 46;
	objects = {

/* Begin PBXBuildFile section */
		142C3B091E9C5E960012BFA9 /* AppDelegate.swift in Sources */ = {isa = PBXBuildFile; fileRef = 142C3B081E9C5E960012BFA9 /* AppDelegate.swift */; };
		142C3B0B1E9C5E960012BFA9 /* ViewController.swift in Sources */ = {isa = PBXBuildFile; fileRef = 142C3B0A1E9C5E960012BFA9 /* ViewController.swift */; };
		142C3B0E1E9C5E960012BFA9 /* Main.storyboard in Resources */ = {isa = PBXBuildFile; fileRef = 142C3B0C1E9C5E960012BFA9 /* Main.storyboard */; };
		142C3B101E9C5E960012BFA9 /* Assets.xcassets in Resources */ = {isa = PBXBuildFile; fileRef = 142C3B0F1E9C5E960012BFA9 /* Assets.xcassets */; };
		142C3B131E9C5E960012BFA9 /* LaunchScreen.storyboard in Resources */ = {isa = PBXBuildFile; fileRef = 142C3B111E9C5E960012BFA9 /* LaunchScreen.storyboard */; };
		142C3B1C1E9C5EF40012BFA9 /* FaceView.swift in Sources */ = {isa = PBXBuildFile; fileRef = 142C3B1B1E9C5EF40012BFA9 /* FaceView.swift */; };
/* End PBXBuildFile section */

/* Begin PBXFileReference section */
		142C3B051E9C5E960012BFA9 /* Faceit.app */ = {isa = PBXFileReference; explicitFileType = wrapper.application; includeInIndex = 0; path = Faceit.app; sourceTree = BUILT_PRODUCTS_DIR; };
		142C3B081E9C5E960012BFA9 /* AppDelegate.swift */ = {isa = PBXFileReference; lastKnownFileType = sourcecode.swift; path = AppDelegate.swift; sourceTree = "<group>"; };
		142C3B0A1E9C5E960012BFA9 /* ViewController.swift */ = {isa = PBXFileReference; lastKnownFileType = sourcecode.swift; path = ViewController.swift; sourceTree = "<group>"; };
		142C3B0D1E9C5E960012BFA9 /* Base */ = {isa = PBXFileReference; lastKnownFileType = file.storyboard; name = Base; path = Base.lproj/Main.storyboard; sourceTree = "<group>"; };
		142C3B0F1E9C5E960012BFA9 /* Assets.xcassets */ = {isa = PBXFileReference; lastKnownFileType = folder.assetcatalog; path = Assets.xcassets; sourceTree = "<group>"; };
		142C3B121E9C5E960012BFA9 /* Base */ = {isa = PBXFileReference; lastKnownFileType = file.storyboard; name = Base; path = Base.lproj/LaunchScreen.storyboard; sourceTree = "<group>"; };
		142C3B141E9C5E960012BFA9 /* Info.plist */ = {isa = PBXFileReference; lastKnownFileType = text.plist.xml; path = Info.plist; sourceTree = "<group>"; };
		142C3B1B1E9C5EF40012BFA9 /* FaceView.swift */ = {isa = PBXFileReference; fileEncoding = 4; lastKnownFileType = sourcecode.swift; path = FaceView.swift; sourceTree = "<group>"; };
/* End PBXFileReference section */

/* Begin PBXFrameworksBuildPhase section */
		142C3B021E9C5E960012BFA9 /* Frameworks */ = {
			isa = PBXFrameworksBuildPhase;
			buildActionMask = 2147483647;
			files = (
			);
			runOnlyForDeploymentPostprocessing = 0;
		};
/* End PBXFrameworksBuildPhase section */

/* Begin PBXGroup section */
		142C3AFC1E9C5E960012BFA9 = {
			isa = PBXGroup;
			children = (
				142C3B071E9C5E960012BFA9 /* Faceit */,
				142C3B061E9C5E960012BFA9 /* Products */,
			);
			sourceTree = "<group>";
		};
		142C3B061E9C5E960012BFA9 /* Products */ = {
			isa = PBXGroup;
			children = (
				142C3B051E9C5E960012BFA9 /* Faceit.app */,
			);
			name = Products;
			sourceTree = "<group>";
		};
		142C3B071E9C5E960012BFA9 /* Faceit */ = {
			isa = PBXGroup;
			children = (
				142C3B0A1E9C5E960012BFA9 /* ViewController.swift */,
				142C3B1B1E9C5EF40012BFA9 /* FaceView.swift */,
				142C3B0C1E9C5E960012BFA9 /* Main.storyboard */,
				142C3B1A1E9C5EA70012BFA9 /* Supporting Files */,
			);
			path = Faceit;
			sourceTree = "<group>";
		};
		142C3B1A1E9C5EA70012BFA9 /* Supporting Files */ = {
			isa = PBXGroup;
			children = (
				142C3B081E9C5E960012BFA9 /* AppDelegate.swift */,
				142C3B0F1E9C5E960012BFA9 /* Assets.xcassets */,
				142C3B111E9C5E960012BFA9 /* LaunchScreen.storyboard */,
				142C3B141E9C5E960012BFA9 /* Info.plist */,
			);
			name = "Supporting Files";
			sourceTree = "<group>";
		};
/* End PBXGroup section */

/* Begin PBXNativeTarget section */
		142C3B041E9C5E960012BFA9 /* Faceit */ = {
			isa = PBXNativeTarget;
			buildConfigurationList = 142C3B171E9C5E960012BFA9 /* Build configuration list for PBXNativeTarget "Faceit" */;
			buildPhases = (
				142C3B011E9C5E960012BFA9 /* Sources */,
				142C3B021E9C5E960012BFA9 /* Frameworks */,
				142C3B031E9C5E960012BFA9 /* Resources */,
			);
			buildRules = (
			);
			dependencies = (
			);
			name = Faceit;
			productName = Faceit;
			productReference = 142C3B051E9C5E960012BFA9 /* Faceit.app */;
			productType = "com.apple.product-type.application";
		};
/* End PBXNativeTarget section */

/* Begin PBXProject section */
		142C3AFD1E9C5E960012BFA9 /* Project object */ = {
			isa = PBXProject;
			attributes = {
				LastSwiftUpdateCheck = 0830;
				LastUpgradeCheck = 0830;
				ORGANIZATIONNAME = "Sean Park";
				TargetAttributes = {
					142C3B041E9C5E960012BFA9 = {
						CreatedOnToolsVersion = 8.3.1;
						DevelopmentTeam = TH743B8WVE;
						ProvisioningStyle = Automatic;
					};
				};
			};
			buildConfigurationList = 142C3B001E9C5E960012BFA9 /* Build configuration list for PBXProject "Faceit" */;
			compatibilityVersion = "Xcode 3.2";
			developmentRegion = English;
			hasScannedForEncodings = 0;
			knownRegions = (
				en,
				Base,
			);
			mainGroup = 142C3AFC1E9C5E960012BFA9;
			productRefGroup = 142C3B061E9C5E960012BFA9 /* Products */;
			projectDirPath = "";
			projectRoot = "";
			targets = (
				142C3B041E9C5E960012BFA9 /* Faceit */,
			);
		};
/* End PBXProject section */

/* Begin PBXResourcesBuildPhase section */
		142C3B031E9C5E960012BFA9 /* Resources */ = {
			isa = PBXResourcesBuildPhase;
			buildActionMask = 2147483647;
			files = (
				142C3B131E9C5E960012BFA9 /* LaunchScreen.storyboard in Resources */,
				142C3B101E9C5E960012BFA9 /* Assets.xcassets in Resources */,
				142C3B0E1E9C5E960012BFA9 /* Main.storyboard in Resources */,
			);
			runOnlyForDeploymentPostprocessing = 0;
		};
/* End PBXResourcesBuildPhase section */

/* Begin PBXSourcesBuildPhase section */
		142C3B011E9C5E960012BFA9 /* Sources */ = {
			isa = PBXSourcesBuildPhase;
			buildActionMask = 2147483647;
			files = (
				142C3B0B1E9C5E960012BFA9 /* ViewController.swift in Sources */,
				142C3B091E9C5E960012BFA9 /* AppDelegate.swift in Sources */,
				142C3B1C1E9C5EF40012BFA9 /* FaceView.swift in Sources */,
			);
			runOnlyForDeploymentPostprocessing = 0;
		};
/* End PBXSourcesBuildPhase section */

/* Begin PBXVariantGroup section */
		142C3B0C1E9C5E960012BFA9 /* Main.storyboard */ = {
			isa = PBXVariantGroup;
			children = (
				142C3B0D1E9C5E960012BFA9 /* Base */,
			);
			name = Main.storyboard;
			sourceTree = "<group>";
		};
		142C3B111E9C5E960012BFA9 /* LaunchScreen.storyboard */ = {
			isa = PBXVariantGroup;
			children = (
				142C3B121E9C5E960012BFA9 /* Base */,
			);
			name = LaunchScreen.storyboard;
			sourceTree = "<group>";
		};
/* End PBXVariantGroup section */

/* Begin XCBuildConfiguration section */
		142C3B151E9C5E960012BFA9 /* Debug */ = {
			isa = XCBuildConfiguration;
			buildSettings = {
				ALWAYS_SEARCH_USER_PATHS = NO;
				CLANG_ANALYZER_NONNULL = YES;
				CLANG_ANALYZER_NUMBER_OBJECT_CONVERSION = YES_AGGRESSIVE;
				CLANG_CXX_LANGUAGE_STANDARD = "gnu++0x";
				CLANG_CXX_LIBRARY = "libc++";
				CLANG_ENABLE_MODULES = YES;
				CLANG_ENABLE_OBJC_ARC = YES;
				CLANG_WARN_BOOL_CONVERSION = YES;
				CLANG_WARN_CONSTANT_CONVERSION = YES;
				CLANG_WARN_DIRECT_OBJC_ISA_USAGE = YES_ERROR;
				CLANG_WARN_DOCUMENTATION_COMMENTS = YES;
				CLANG_WARN_EMPTY_BODY = YES;
				CLANG_WARN_ENUM_CONVERSION = YES;
				CLANG_WARN_INFINITE_RECURSION = YES;
				CLANG_WARN_INT_CONVERSION = YES;
				CLANG_WARN_OBJC_ROOT_CLASS = YES_ERROR;
				CLANG_WARN_SUSPICIOUS_MOVE = YES;
				CLANG_WARN_UNREACHABLE_CODE = YES;
				CLANG_WARN__DUPLICATE_METHOD_MATCH = YES;
				"CODE_SIGN_IDENTITY[sdk=iphoneos*]" = "iPhone Developer";
				COPY_PHASE_STRIP = NO;
				DEBUG_INFORMATION_FORMAT = dwarf;
				ENABLE_STRICT_OBJC_MSGSEND = YES;
				ENABLE_TESTABILITY = YES;
				GCC_C_LANGUAGE_STANDARD = gnu99;
				GCC_DYNAMIC_NO_PIC = NO;
				GCC_NO_COMMON_BLOCKS = YES;
				GCC_OPTIMIZATION_LEVEL = 0;
				GCC_PREPROCESSOR_DEFINITIONS = (
					"DEBUG=1",
					"$(inherited)",
				);
				GCC_WARN_64_TO_32_BIT_CONVERSION = YES;
				GCC_WARN_ABOUT_RETURN_TYPE = YES_ERROR;
				GCC_WARN_UNDECLARED_SELECTOR = YES;
				GCC_WARN_UNINITIALIZED_AUTOS = YES_AGGRESSIVE;
				GCC_WARN_UNUSED_FUNCTION = YES;
				GCC_WARN_UNUSED_VARIABLE = YES;
				IPHONEOS_DEPLOYMENT_TARGET = 10.3;
				MTL_ENABLE_DEBUG_INFO = YES;
				ONLY_ACTIVE_ARCH = YES;
				SDKROOT = iphoneos;
				SWIFT_ACTIVE_COMPILATION_CONDITIONS = DEBUG;
				SWIFT_OPTIMIZATION_LEVEL = "-Onone";
				TARGETED_DEVICE_FAMILY = "1,2";
			};
			name = Debug;
		};
		142C3B161E9C5E960012BFA9 /* Release */ = {
			isa = XCBuildConfiguration;
			buildSettings = {
				ALWAYS_SEARCH_USER_PATHS = NO;
				CLANG_ANALYZER_NONNULL = YES;
				CLANG_ANALYZER_NUMBER_OBJECT_CONVERSION = YES_AGGRESSIVE;
				CLANG_CXX_LANGUAGE_STANDARD = "gnu++0x";
				CLANG_CXX_LIBRARY = "libc++";
				CLANG_ENABLE_MODULES = YES;
				CLANG_ENABLE_OBJC_ARC = YES;
				CLANG_WARN_BOOL_CONVERSION = YES;
				CLANG_WARN_CONSTANT_CONVERSION = YES;
				CLANG_WARN_DIRECT_OBJC_ISA_USAGE = YES_ERROR;
				CLANG_WARN_DOCUMENTATION_COMMENTS = YES;
				CLANG_WARN_EMPTY_BODY = YES;
				CLANG_WARN_ENUM_CONVERSION = YES;
				CLANG_WARN_INFINITE_RECURSION = YES;
				CLANG_WARN_INT_CONVERSION = YES;
				CLANG_WARN_OBJC_ROOT_CLASS = YES_ERROR;
				CLANG_WARN_SUSPICIOUS_MOVE = YES;
				CLANG_WARN_UNREACHABLE_CODE = YES;
				CLANG_WARN__DUPLICATE_METHOD_MATCH = YES;
				"CODE_SIGN_IDENTITY[sdk=iphoneos*]" = "iPhone Developer";
				COPY_PHASE_STRIP = NO;
				DEBUG_INFORMATION_FORMAT = "dwarf-with-dsym";
				ENABLE_NS_ASSERTIONS = NO;
				ENABLE_STRICT_OBJC_MSGSEND = YES;
				GCC_C_LANGUAGE_STANDARD = gnu99;
				GCC_NO_COMMON_BLOCKS = YES;
				GCC_WARN_64_TO_32_BIT_CONVERSION = YES;
				GCC_WARN_ABOUT_RETURN_TYPE = YES_ERROR;
				GCC_WARN_UNDECLARED_SELECTOR = YES;
				GCC_WARN_UNINITIALIZED_AUTOS = YES_AGGRESSIVE;
				GCC_WARN_UNUSED_FUNCTION = YES;
				GCC_WARN_UNUSED_VARIABLE = YES;
				IPHONEOS_DEPLOYMENT_TARGET = 10.3;
				MTL_ENABLE_DEBUG_INFO = NO;
				SDKROOT = iphoneos;
				SWIFT_OPTIMIZATION_LEVEL = "-Owholemodule";
				TARGETED_DEVICE_FAMILY = "1,2";
				VALIDATE_PRODUCT = YES;
			};
			name = Release;
		};
		142C3B181E9C5E960012BFA9 /* Debug */ = {
			isa = XCBuildConfiguration;
			buildSettings = {
				ASSETCATALOG_COMPILER_APPICON_NAME = AppIcon;
				DEVELOPMENT_TEAM = TH743B8WVE;
				INFOPLIST_FILE = Faceit/Info.plist;
				LD_RUNPATH_SEARCH_PATHS = "$(inherited) @executable_path/Frameworks";
				PRODUCT_BUNDLE_IDENTIFIER = com.junghyunpark.iosproject.lecture.Faceit;
				PRODUCT_NAME = "$(TARGET_NAME)";
				SWIFT_VERSION = 3.0;
			};
			name = Debug;
		};
		142C3B191E9C5E960012BFA9 /* Release */ = {
			isa = XCBuildConfiguration;
			buildSettings = {
				ASSETCATALOG_COMPILER_APPICON_NAME = AppIcon;
				DEVELOPMENT_TEAM = TH743B8WVE;
				INFOPLIST_FILE = Faceit/Info.plist;
				LD_RUNPATH_SEARCH_PATHS = "$(inherited) @executable_path/Frameworks";
				PRODUCT_BUNDLE_IDENTIFIER = com.junghyunpark.iosproject.lecture.Faceit;
				PRODUCT_NAME = "$(TARGET_NAME)";
				SWIFT_VERSION = 3.0;
			};
			name = Release;
		};
/* End XCBuildConfiguration section */

/* Begin XCConfigurationList section */
		142C3B001E9C5E960012BFA9 /* Build configuration list for PBXProject "Faceit" */ = {
			isa = XCConfigurationList;
			buildConfigurations = (
				142C3B151E9C5E960012BFA9 /* Debug */,
				142C3B161E9C5E960012BFA9 /* Release */,
			);
			defaultConfigurationIsVisible = 0;
			defaultConfigurationName = Release;
		};
		142C3B171E9C5E960012BFA9 /* Build configuration list for PBXNativeTarget "Faceit" */ = {
			isa = XCConfigurationList;
			buildConfigurations = (
				142C3B181E9C5E960012BFA9 /* Debug */,
				142C3B191E9C5E960012BFA9 /* Release */,
			);
			defaultConfigurationIsVisible = 0;
		};
/* End XCConfigurationList section */
	};
	rootObject = 142C3AFD1E9C5E960012BFA9 /* Project object */;
}
